// !$*UTF8*$!
{
	archiveVersion = 1;
	classes = {
	};
	objectVersion = 56;
	objects = {

/* Begin PBXBuildFile section */
		B1893DB12965F7A50075104B /* crypto_appApp.swift in Sources */ = {isa = PBXBuildFile; fileRef = B1893DB02965F7A50075104B /* crypto_appApp.swift */; };
		B1893DB32965F7A50075104B /* ContentView.swift in Sources */ = {isa = PBXBuildFile; fileRef = B1893DB22965F7A50075104B /* ContentView.swift */; };
		B1893DB52965F7A60075104B /* Assets.xcassets in Resources */ = {isa = PBXBuildFile; fileRef = B1893DB42965F7A60075104B /* Assets.xcassets */; };
		B1893DB82965F7A60075104B /* Preview Assets.xcassets in Resources */ = {isa = PBXBuildFile; fileRef = B1893DB72965F7A60075104B /* Preview Assets.xcassets */; };
		B1893DC72965F8E30075104B /* HomeView.swift in Sources */ = {isa = PBXBuildFile; fileRef = B1893DC62965F8E30075104B /* HomeView.swift */; };
		B1893DC92965FA6D0075104B /* TopMoversView.swift in Sources */ = {isa = PBXBuildFile; fileRef = B1893DC82965FA6D0075104B /* TopMoversView.swift */; };
		B1893DCB2965FA770075104B /* TopMoversItemView.swift in Sources */ = {isa = PBXBuildFile; fileRef = B1893DCA2965FA770075104B /* TopMoversItemView.swift */; };
/* End PBXBuildFile section */

/* Begin PBXFileReference section */
		B1893DAD2965F7A50075104B /* crypto_app.app */ = {isa = PBXFileReference; explicitFileType = wrapper.application; includeInIndex = 0; path = crypto_app.app; sourceTree = BUILT_PRODUCTS_DIR; };
		B1893DB02965F7A50075104B /* crypto_appApp.swift */ = {isa = PBXFileReference; lastKnownFileType = sourcecode.swift; path = crypto_appApp.swift; sourceTree = "<group>"; };
		B1893DB22965F7A50075104B /* ContentView.swift */ = {isa = PBXFileReference; lastKnownFileType = sourcecode.swift; path = ContentView.swift; sourceTree = "<group>"; };
		B1893DB42965F7A60075104B /* Assets.xcassets */ = {isa = PBXFileReference; lastKnownFileType = folder.assetcatalog; path = Assets.xcassets; sourceTree = "<group>"; };
		B1893DB72965F7A60075104B /* Preview Assets.xcassets */ = {isa = PBXFileReference; lastKnownFileType = folder.assetcatalog; path = "Preview Assets.xcassets"; sourceTree = "<group>"; };
		B1893DC62965F8E30075104B /* HomeView.swift */ = {isa = PBXFileReference; lastKnownFileType = sourcecode.swift; path = HomeView.swift; sourceTree = "<group>"; };
		B1893DC82965FA6D0075104B /* TopMoversView.swift */ = {isa = PBXFileReference; lastKnownFileType = sourcecode.swift; path = TopMoversView.swift; sourceTree = "<group>"; };
		B1893DCA2965FA770075104B /* TopMoversItemView.swift */ = {isa = PBXFileReference; lastKnownFileType = sourcecode.swift; path = TopMoversItemView.swift; sourceTree = "<group>"; };
/* End PBXFileReference section */

/* Begin PBXFrameworksBuildPhase section */
		B1893DAA2965F7A50075104B /* Frameworks */ = {
			isa = PBXFrameworksBuildPhase;
			buildActionMask = 2147483647;
			files = (
			);
			runOnlyForDeploymentPostprocessing = 0;
		};
/* End PBXFrameworksBuildPhase section */

/* Begin PBXGroup section */
		B1893DA42965F7A50075104B = {
			isa = PBXGroup;
			children = (
				B1893DAF2965F7A50075104B /* crypto_app */,
				B1893DAE2965F7A50075104B /* Products */,
			);
			sourceTree = "<group>";
		};
		B1893DAE2965F7A50075104B /* Products */ = {
			isa = PBXGroup;
			children = (
				B1893DAD2965F7A50075104B /* crypto_app.app */,
			);
			name = Products;
			sourceTree = "<group>";
		};
		B1893DAF2965F7A50075104B /* crypto_app */ = {
			isa = PBXGroup;
			children = (
				B1893DC22965F7BE0075104B /* Utils */,
				B1893DC12965F7BB0075104B /* Extensions */,
				B1893DC02965F7B80075104B /* Models */,
				B1893DBF2965F7B60075104B /* Core */,
				B1893DBE2965F7B20075104B /* App */,
				B1893DB22965F7A50075104B /* ContentView.swift */,
				B1893DB42965F7A60075104B /* Assets.xcassets */,
				B1893DB62965F7A60075104B /* Preview Content */,
			);
			path = crypto_app;
			sourceTree = "<group>";
		};
		B1893DB62965F7A60075104B /* Preview Content */ = {
			isa = PBXGroup;
			children = (
				B1893DB72965F7A60075104B /* Preview Assets.xcassets */,
			);
			path = "Preview Content";
			sourceTree = "<group>";
		};
		B1893DBE2965F7B20075104B /* App */ = {
			isa = PBXGroup;
			children = (
				B1893DB02965F7A50075104B /* crypto_appApp.swift */,
			);
			path = App;
			sourceTree = "<group>";
		};
		B1893DBF2965F7B60075104B /* Core */ = {
			isa = PBXGroup;
			children = (
				B1893DC32965F8350075104B /* Home */,
			);
			path = Core;
			sourceTree = "<group>";
		};
		B1893DC02965F7B80075104B /* Models */ = {
			isa = PBXGroup;
			children = (
			);
			path = Models;
			sourceTree = "<group>";
		};
		B1893DC12965F7BB0075104B /* Extensions */ = {
			isa = PBXGroup;
			children = (
			);
			path = Extensions;
			sourceTree = "<group>";
		};
		B1893DC22965F7BE0075104B /* Utils */ = {
			isa = PBXGroup;
			children = (
			);
			path = Utils;
			sourceTree = "<group>";
		};
		B1893DC32965F8350075104B /* Home */ = {
			isa = PBXGroup;
			children = (
				B1893DC52965F8970075104B /* ViewModels */,
				B1893DC42965F8900075104B /* Views */,
			);
			path = Home;
			sourceTree = "<group>";
		};
		B1893DC42965F8900075104B /* Views */ = {
			isa = PBXGroup;
			children = (
				B1893DC62965F8E30075104B /* HomeView.swift */,
				B1893DC82965FA6D0075104B /* TopMoversView.swift */,
				B1893DCA2965FA770075104B /* TopMoversItemView.swift */,
			);
			path = Views;
			sourceTree = "<group>";
		};
		B1893DC52965F8970075104B /* ViewModels */ = {
			isa = PBXGroup;
			children = (
			);
			path = ViewModels;
			sourceTree = "<group>";
		};
/* End PBXGroup section */

/* Begin PBXNativeTarget section */
		B1893DAC2965F7A50075104B /* crypto_app */ = {
			isa = PBXNativeTarget;
			buildConfigurationList = B1893DBB2965F7A60075104B /* Build configuration list for PBXNativeTarget "crypto_app" */;
			buildPhases = (
				B1893DA92965F7A50075104B /* Sources */,
				B1893DAA2965F7A50075104B /* Frameworks */,
				B1893DAB2965F7A50075104B /* Resources */,
			);
			buildRules = (
			);
			dependencies = (
			);
			name = crypto_app;
			productName = crypto_app;
			productReference = B1893DAD2965F7A50075104B /* crypto_app.app */;
			productType = "com.apple.product-type.application";
		};
/* End PBXNativeTarget section */

/* Begin PBXProject section */
		B1893DA52965F7A50075104B /* Project object */ = {
			isa = PBXProject;
			attributes = {
				BuildIndependentTargetsInParallel = 1;
				LastSwiftUpdateCheck = 1420;
				LastUpgradeCheck = 1420;
				TargetAttributes = {
					B1893DAC2965F7A50075104B = {
						CreatedOnToolsVersion = 14.2;
					};
				};
			};
			buildConfigurationList = B1893DA82965F7A50075104B /* Build configuration list for PBXProject "crypto_app" */;
			compatibilityVersion = "Xcode 14.0";
			developmentRegion = en;
			hasScannedForEncodings = 0;
			knownRegions = (
				en,
				Base,
			);
			mainGroup = B1893DA42965F7A50075104B;
			productRefGroup = B1893DAE2965F7A50075104B /* Products */;
			projectDirPath = "";
			projectRoot = "";
			targets = (
				B1893DAC2965F7A50075104B /* crypto_app */,
			);
		};
/* End PBXProject section */

/* Begin PBXResourcesBuildPhase section */
		B1893DAB2965F7A50075104B /* Resources */ = {
			isa = PBXResourcesBuildPhase;
			buildActionMask = 2147483647;
			files = (
				B1893DB82965F7A60075104B /* Preview Assets.xcassets in Resources */,
				B1893DB52965F7A60075104B /* Assets.xcassets in Resources */,
			);
			runOnlyForDeploymentPostprocessing = 0;
		};
/* End PBXResourcesBuildPhase section */

/* Begin PBXSourcesBuildPhase section */
		B1893DA92965F7A50075104B /* Sources */ = {
			isa = PBXSourcesBuildPhase;
			buildActionMask = 2147483647;
			files = (
				B1893DC92965FA6D0075104B /* TopMoversView.swift in Sources */,
				B1893DC72965F8E30075104B /* HomeView.swift in Sources */,
				B1893DCB2965FA770075104B /* TopMoversItemView.swift in Sources */,
				B1893DB32965F7A50075104B /* ContentView.swift in Sources */,
				B1893DB12965F7A50075104B /* crypto_appApp.swift in Sources */,
			);
			runOnlyForDeploymentPostprocessing = 0;
		};
/* End PBXSourcesBuildPhase section */

/* Begin XCBuildConfiguration section */
		B1893DB92965F7A60075104B /* Debug */ = {
			isa = XCBuildConfiguration;
			buildSettings = {
				ALWAYS_SEARCH_USER_PATHS = NO;
				CLANG_ANALYZER_NONNULL = YES;
				CLANG_ANALYZER_NUMBER_OBJECT_CONVERSION = YES_AGGRESSIVE;
				CLANG_CXX_LANGUAGE_STANDARD = "gnu++20";
				CLANG_ENABLE_MODULES = YES;
				CLANG_ENABLE_OBJC_ARC = YES;
				CLANG_ENABLE_OBJC_WEAK = YES;
				CLANG_WARN_BLOCK_CAPTURE_AUTORELEASING = YES;
				CLANG_WARN_BOOL_CONVERSION = YES;
				CLANG_WARN_COMMA = YES;
				CLANG_WARN_CONSTANT_CONVERSION = YES;
				CLANG_WARN_DEPRECATED_OBJC_IMPLEMENTATIONS = YES;
				CLANG_WARN_DIRECT_OBJC_ISA_USAGE = YES_ERROR;
				CLANG_WARN_DOCUMENTATION_COMMENTS = YES;
				CLANG_WARN_EMPTY_BODY = YES;
				CLANG_WARN_ENUM_CONVERSION = YES;
				CLANG_WARN_INFINITE_RECURSION = YES;
				CLANG_WARN_INT_CONVERSION = YES;
				CLANG_WARN_NON_LITERAL_NULL_CONVERSION = YES;
				CLANG_WARN_OBJC_IMPLICIT_RETAIN_SELF = YES;
				CLANG_WARN_OBJC_LITERAL_CONVERSION = YES;
				CLANG_WARN_OBJC_ROOT_CLASS = YES_ERROR;
				CLANG_WARN_QUOTED_INCLUDE_IN_FRAMEWORK_HEADER = YES;
				CLANG_WARN_RANGE_LOOP_ANALYSIS = YES;
				CLANG_WARN_STRICT_PROTOTYPES = YES;
				CLANG_WARN_SUSPICIOUS_MOVE = YES;
				CLANG_WARN_UNGUARDED_AVAILABILITY = YES_AGGRESSIVE;
				CLANG_WARN_UNREACHABLE_CODE = YES;
				CLANG_WARN__DUPLICATE_METHOD_MATCH = YES;
				COPY_PHASE_STRIP = NO;
				DEBUG_INFORMATION_FORMAT = dwarf;
				ENABLE_STRICT_OBJC_MSGSEND = YES;
				ENABLE_TESTABILITY = YES;
				GCC_C_LANGUAGE_STANDARD = gnu11;
				GCC_DYNAMIC_NO_PIC = NO;
				GCC_NO_COMMON_BLOCKS = YES;
				GCC_OPTIMIZATION_LEVEL = 0;
				GCC_PREPROCESSOR_DEFINITIONS = (
					"DEBUG=1",
					"$(inherited)",
				);
				GCC_WARN_64_TO_32_BIT_CONVERSION = YES;
				GCC_WARN_ABOUT_RETURN_TYPE = YES_ERROR;
				GCC_WARN_UNDECLARED_SELECTOR = YES;
				GCC_WARN_UNINITIALIZED_AUTOS = YES_AGGRESSIVE;
				GCC_WARN_UNUSED_FUNCTION = YES;
				GCC_WARN_UNUSED_VARIABLE = YES;
				IPHONEOS_DEPLOYMENT_TARGET = 16.2;
				MTL_ENABLE_DEBUG_INFO = INCLUDE_SOURCE;
				MTL_FAST_MATH = YES;
				ONLY_ACTIVE_ARCH = YES;
				SDKROOT = iphoneos;
				SWIFT_ACTIVE_COMPILATION_CONDITIONS = DEBUG;
				SWIFT_OPTIMIZATION_LEVEL = "-Onone";
			};
			name = Debug;
		};
		B1893DBA2965F7A60075104B /* Release */ = {
			isa = XCBuildConfiguration;
			buildSettings = {
				ALWAYS_SEARCH_USER_PATHS = NO;
				CLANG_ANALYZER_NONNULL = YES;
				CLANG_ANALYZER_NUMBER_OBJECT_CONVERSION = YES_AGGRESSIVE;
				CLANG_CXX_LANGUAGE_STANDARD = "gnu++20";
				CLANG_ENABLE_MODULES = YES;
				CLANG_ENABLE_OBJC_ARC = YES;
				CLANG_ENABLE_OBJC_WEAK = YES;
				CLANG_WARN_BLOCK_CAPTURE_AUTORELEASING = YES;
				CLANG_WARN_BOOL_CONVERSION = YES;
				CLANG_WARN_COMMA = YES;
				CLANG_WARN_CONSTANT_CONVERSION = YES;
				CLANG_WARN_DEPRECATED_OBJC_IMPLEMENTATIONS = YES;
				CLANG_WARN_DIRECT_OBJC_ISA_USAGE = YES_ERROR;
				CLANG_WARN_DOCUMENTATION_COMMENTS = YES;
				CLANG_WARN_EMPTY_BODY = YES;
				CLANG_WARN_ENUM_CONVERSION = YES;
				CLANG_WARN_INFINITE_RECURSION = YES;
				CLANG_WARN_INT_CONVERSION = YES;
				CLANG_WARN_NON_LITERAL_NULL_CONVERSION = YES;
				CLANG_WARN_OBJC_IMPLICIT_RETAIN_SELF = YES;
				CLANG_WARN_OBJC_LITERAL_CONVERSION = YES;
				CLANG_WARN_OBJC_ROOT_CLASS = YES_ERROR;
				CLANG_WARN_QUOTED_INCLUDE_IN_FRAMEWORK_HEADER = YES;
				CLANG_WARN_RANGE_LOOP_ANALYSIS = YES;
				CLANG_WARN_STRICT_PROTOTYPES = YES;
				CLANG_WARN_SUSPICIOUS_MOVE = YES;
				CLANG_WARN_UNGUARDED_AVAILABILITY = YES_AGGRESSIVE;
				CLANG_WARN_UNREACHABLE_CODE = YES;
				CLANG_WARN__DUPLICATE_METHOD_MATCH = YES;
				COPY_PHASE_STRIP = NO;
				DEBUG_INFORMATION_FORMAT = "dwarf-with-dsym";
				ENABLE_NS_ASSERTIONS = NO;
				ENABLE_STRICT_OBJC_MSGSEND = YES;
				GCC_C_LANGUAGE_STANDARD = gnu11;
				GCC_NO_COMMON_BLOCKS = YES;
				GCC_WARN_64_TO_32_BIT_CONVERSION = YES;
				GCC_WARN_ABOUT_RETURN_TYPE = YES_ERROR;
				GCC_WARN_UNDECLARED_SELECTOR = YES;
				GCC_WARN_UNINITIALIZED_AUTOS = YES_AGGRESSIVE;
				GCC_WARN_UNUSED_FUNCTION = YES;
				GCC_WARN_UNUSED_VARIABLE = YES;
				IPHONEOS_DEPLOYMENT_TARGET = 16.2;
				MTL_ENABLE_DEBUG_INFO = NO;
				MTL_FAST_MATH = YES;
				SDKROOT = iphoneos;
				SWIFT_COMPILATION_MODE = wholemodule;
				SWIFT_OPTIMIZATION_LEVEL = "-O";
				VALIDATE_PRODUCT = YES;
			};
			name = Release;
		};
		B1893DBC2965F7A60075104B /* Debug */ = {
			isa = XCBuildConfiguration;
			buildSettings = {
				ASSETCATALOG_COMPILER_APPICON_NAME = AppIcon;
				ASSETCATALOG_COMPILER_GLOBAL_ACCENT_COLOR_NAME = AccentColor;
				CODE_SIGN_STYLE = Automatic;
				CURRENT_PROJECT_VERSION = 1;
				DEVELOPMENT_ASSET_PATHS = "\"crypto_app/Preview Content\"";
				ENABLE_PREVIEWS = YES;
				GENERATE_INFOPLIST_FILE = YES;
				INFOPLIST_KEY_UIApplicationSceneManifest_Generation = YES;
				INFOPLIST_KEY_UIApplicationSupportsIndirectInputEvents = YES;
				INFOPLIST_KEY_UILaunchScreen_Generation = YES;
				INFOPLIST_KEY_UISupportedInterfaceOrientations_iPad = "UIInterfaceOrientationPortrait UIInterfaceOrientationPortraitUpsideDown UIInterfaceOrientationLandscapeLeft UIInterfaceOrientationLandscapeRight";
				INFOPLIST_KEY_UISupportedInterfaceOrientations_iPhone = "UIInterfaceOrientationPortrait UIInterfaceOrientationLandscapeLeft UIInterfaceOrientationLandscapeRight";
				LD_RUNPATH_SEARCH_PATHS = (
					"$(inherited)",
					"@executable_path/Frameworks",
				);
				MARKETING_VERSION = 1.0;
				PRODUCT_BUNDLE_IDENTIFIER = "com.iki.crypto-app";
				PRODUCT_NAME = "$(TARGET_NAME)";
				SWIFT_EMIT_LOC_STRINGS = YES;
				SWIFT_VERSION = 5.0;
				TARGETED_DEVICE_FAMILY = "1,2";
			};
			name = Debug;
		};
		B1893DBD2965F7A60075104B /* Release */ = {
			isa = XCBuildConfiguration;
			buildSettings = {
				ASSETCATALOG_COMPILER_APPICON_NAME = AppIcon;
				ASSETCATALOG_COMPILER_GLOBAL_ACCENT_COLOR_NAME = AccentColor;
				CODE_SIGN_STYLE = Automatic;
				CURRENT_PROJECT_VERSION = 1;
				DEVELOPMENT_ASSET_PATHS = "\"crypto_app/Preview Content\"";
				ENABLE_PREVIEWS = YES;
				GENERATE_INFOPLIST_FILE = YES;
				INFOPLIST_KEY_UIApplicationSceneManifest_Generation = YES;
				INFOPLIST_KEY_UIApplicationSupportsIndirectInputEvents = YES;
				INFOPLIST_KEY_UILaunchScreen_Generation = YES;
				INFOPLIST_KEY_UISupportedInterfaceOrientations_iPad = "UIInterfaceOrientationPortrait UIInterfaceOrientationPortraitUpsideDown UIInterfaceOrientationLandscapeLeft UIInterfaceOrientationLandscapeRight";
				INFOPLIST_KEY_UISupportedInterfaceOrientations_iPhone = "UIInterfaceOrientationPortrait UIInterfaceOrientationLandscapeLeft UIInterfaceOrientationLandscapeRight";
				LD_RUNPATH_SEARCH_PATHS = (
					"$(inherited)",
					"@executable_path/Frameworks",
				);
				MARKETING_VERSION = 1.0;
				PRODUCT_BUNDLE_IDENTIFIER = "com.iki.crypto-app";
				PRODUCT_NAME = "$(TARGET_NAME)";
				SWIFT_EMIT_LOC_STRINGS = YES;
				SWIFT_VERSION = 5.0;
				TARGETED_DEVICE_FAMILY = "1,2";
			};
			name = Release;
		};
/* End XCBuildConfiguration section */

/* Begin XCConfigurationList section */
		B1893DA82965F7A50075104B /* Build configuration list for PBXProject "crypto_app" */ = {
			isa = XCConfigurationList;
			buildConfigurations = (
				B1893DB92965F7A60075104B /* Debug */,
				B1893DBA2965F7A60075104B /* Release */,
			);
			defaultConfigurationIsVisible = 0;
			defaultConfigurationName = Release;
		};
		B1893DBB2965F7A60075104B /* Build configuration list for PBXNativeTarget "crypto_app" */ = {
			isa = XCConfigurationList;
			buildConfigurations = (
				B1893DBC2965F7A60075104B /* Debug */,
				B1893DBD2965F7A60075104B /* Release */,
			);
			defaultConfigurationIsVisible = 0;
			defaultConfigurationName = Release;
		};
/* End XCConfigurationList section */
	};
	rootObject = B1893DA52965F7A50075104B /* Project object */;
}
